// !$*UTF8*$!
{
	archiveVersion = 1;
	classes = {
	};
	objectVersion = 56;
	objects = {

/* Begin PBXBuildFile section */
		DF8BDDD92A064B6A009B1F26 /* LinkedInCloneApp.swift in Sources */ = {isa = PBXBuildFile; fileRef = DF8BDDD82A064B6A009B1F26 /* LinkedInCloneApp.swift */; };
		DF8BDDDB2A064B6A009B1F26 /* ContentView.swift in Sources */ = {isa = PBXBuildFile; fileRef = DF8BDDDA2A064B6A009B1F26 /* ContentView.swift */; };
		DF8BDDDD2A064B6B009B1F26 /* Assets.xcassets in Resources */ = {isa = PBXBuildFile; fileRef = DF8BDDDC2A064B6B009B1F26 /* Assets.xcassets */; };
		DF8BDDE12A064B6B009B1F26 /* Preview Assets.xcassets in Resources */ = {isa = PBXBuildFile; fileRef = DF8BDDE02A064B6B009B1F26 /* Preview Assets.xcassets */; };
		DFD6E0822A403411001F2A72 /* SearchBar.swift in Sources */ = {isa = PBXBuildFile; fileRef = DFD6E0812A403411001F2A72 /* SearchBar.swift */; };
		DFD6E0862A4038C0001F2A72 /* PostCardModel.swift in Sources */ = {isa = PBXBuildFile; fileRef = DFD6E0852A4038C0001F2A72 /* PostCardModel.swift */; };
		DFD6E0882A4038DD001F2A72 /* NewConnectionModel.swift in Sources */ = {isa = PBXBuildFile; fileRef = DFD6E0872A4038DD001F2A72 /* NewConnectionModel.swift */; };
		DFD6E08C2A4039DB001F2A72 /* NewConnectionTile.swift in Sources */ = {isa = PBXBuildFile; fileRef = DFD6E08B2A4039DB001F2A72 /* NewConnectionTile.swift */; };
		DFD6E08E2A403F76001F2A72 /* MyNetworksPage.swift in Sources */ = {isa = PBXBuildFile; fileRef = DFD6E08D2A403F76001F2A72 /* MyNetworksPage.swift */; };
		DFD6E0912A404125001F2A72 /* dummy_data.swift in Sources */ = {isa = PBXBuildFile; fileRef = DFD6E0902A404125001F2A72 /* dummy_data.swift */; };
		DFD6E0952A405254001F2A72 /* PostCard.swift in Sources */ = {isa = PBXBuildFile; fileRef = DFD6E0942A405254001F2A72 /* PostCard.swift */; };
		DFD6E0972A40573A001F2A72 /* PostInteractionRow.swift in Sources */ = {isa = PBXBuildFile; fileRef = DFD6E0962A40573A001F2A72 /* PostInteractionRow.swift */; };
		DFD6E0992A40582C001F2A72 /* FeedPage.swift in Sources */ = {isa = PBXBuildFile; fileRef = DFD6E0982A40582C001F2A72 /* FeedPage.swift */; };
/* End PBXBuildFile section */

/* Begin PBXFileReference section */
		DF8BDDD52A064B6A009B1F26 /* LinkedInClone.app */ = {isa = PBXFileReference; explicitFileType = wrapper.application; includeInIndex = 0; path = LinkedInClone.app; sourceTree = BUILT_PRODUCTS_DIR; };
		DF8BDDD82A064B6A009B1F26 /* LinkedInCloneApp.swift */ = {isa = PBXFileReference; lastKnownFileType = sourcecode.swift; path = LinkedInCloneApp.swift; sourceTree = "<group>"; };
		DF8BDDDA2A064B6A009B1F26 /* ContentView.swift */ = {isa = PBXFileReference; lastKnownFileType = sourcecode.swift; path = ContentView.swift; sourceTree = "<group>"; };
		DF8BDDDC2A064B6B009B1F26 /* Assets.xcassets */ = {isa = PBXFileReference; lastKnownFileType = folder.assetcatalog; path = Assets.xcassets; sourceTree = "<group>"; };
		DF8BDDDE2A064B6B009B1F26 /* LinkedInClone.entitlements */ = {isa = PBXFileReference; lastKnownFileType = text.plist.entitlements; path = LinkedInClone.entitlements; sourceTree = "<group>"; };
		DF8BDDE02A064B6B009B1F26 /* Preview Assets.xcassets */ = {isa = PBXFileReference; lastKnownFileType = folder.assetcatalog; path = "Preview Assets.xcassets"; sourceTree = "<group>"; };
		DFD6E0812A403411001F2A72 /* SearchBar.swift */ = {isa = PBXFileReference; lastKnownFileType = sourcecode.swift; path = SearchBar.swift; sourceTree = "<group>"; };
		DFD6E0852A4038C0001F2A72 /* PostCardModel.swift */ = {isa = PBXFileReference; lastKnownFileType = sourcecode.swift; path = PostCardModel.swift; sourceTree = "<group>"; };
		DFD6E0872A4038DD001F2A72 /* NewConnectionModel.swift */ = {isa = PBXFileReference; lastKnownFileType = sourcecode.swift; path = NewConnectionModel.swift; sourceTree = "<group>"; };
		DFD6E08B2A4039DB001F2A72 /* NewConnectionTile.swift */ = {isa = PBXFileReference; lastKnownFileType = sourcecode.swift; path = NewConnectionTile.swift; sourceTree = "<group>"; };
		DFD6E08D2A403F76001F2A72 /* MyNetworksPage.swift */ = {isa = PBXFileReference; lastKnownFileType = sourcecode.swift; path = MyNetworksPage.swift; sourceTree = "<group>"; };
		DFD6E0902A404125001F2A72 /* dummy_data.swift */ = {isa = PBXFileReference; lastKnownFileType = sourcecode.swift; path = dummy_data.swift; sourceTree = "<group>"; };
		DFD6E0942A405254001F2A72 /* PostCard.swift */ = {isa = PBXFileReference; lastKnownFileType = sourcecode.swift; path = PostCard.swift; sourceTree = "<group>"; };
		DFD6E0962A40573A001F2A72 /* PostInteractionRow.swift */ = {isa = PBXFileReference; lastKnownFileType = sourcecode.swift; path = PostInteractionRow.swift; sourceTree = "<group>"; };
		DFD6E0982A40582C001F2A72 /* FeedPage.swift */ = {isa = PBXFileReference; lastKnownFileType = sourcecode.swift; path = FeedPage.swift; sourceTree = "<group>"; };
/* End PBXFileReference section */

/* Begin PBXFrameworksBuildPhase section */
		DF8BDDD22A064B6A009B1F26 /* Frameworks */ = {
			isa = PBXFrameworksBuildPhase;
			buildActionMask = 2147483647;
			files = (
			);
			runOnlyForDeploymentPostprocessing = 0;
		};
/* End PBXFrameworksBuildPhase section */

/* Begin PBXGroup section */
		DF8BDDCC2A064B6A009B1F26 = {
			isa = PBXGroup;
			children = (
				DF8BDDD72A064B6A009B1F26 /* LinkedInClone */,
				DF8BDDD62A064B6A009B1F26 /* Products */,
			);
			sourceTree = "<group>";
		};
		DF8BDDD62A064B6A009B1F26 /* Products */ = {
			isa = PBXGroup;
			children = (
				DF8BDDD52A064B6A009B1F26 /* LinkedInClone.app */,
			);
			name = Products;
			sourceTree = "<group>";
		};
		DF8BDDD72A064B6A009B1F26 /* LinkedInClone */ = {
			isa = PBXGroup;
			children = (
				DFD6E08F2A404115001F2A72 /* dummy_data */,
				DFD6E0842A4038AB001F2A72 /* models */,
				DFD6E0802A4033F6001F2A72 /* views */,
				DF8BDDD82A064B6A009B1F26 /* LinkedInCloneApp.swift */,
				DF8BDDDA2A064B6A009B1F26 /* ContentView.swift */,
				DF8BDDDC2A064B6B009B1F26 /* Assets.xcassets */,
				DF8BDDDE2A064B6B009B1F26 /* LinkedInClone.entitlements */,
				DF8BDDDF2A064B6B009B1F26 /* Preview Content */,
			);
			path = LinkedInClone;
			sourceTree = "<group>";
		};
		DF8BDDDF2A064B6B009B1F26 /* Preview Content */ = {
			isa = PBXGroup;
			children = (
				DF8BDDE02A064B6B009B1F26 /* Preview Assets.xcassets */,
			);
			path = "Preview Content";
			sourceTree = "<group>";
		};
		DFD6E0802A4033F6001F2A72 /* views */ = {
			isa = PBXGroup;
			children = (
				DFD6E08A2A4039C2001F2A72 /* components */,
				DFD6E0892A4039B8001F2A72 /* pages */,
			);
			path = views;
			sourceTree = "<group>";
		};
		DFD6E0842A4038AB001F2A72 /* models */ = {
			isa = PBXGroup;
			children = (
				DFD6E0852A4038C0001F2A72 /* PostCardModel.swift */,
				DFD6E0872A4038DD001F2A72 /* NewConnectionModel.swift */,
			);
			path = models;
			sourceTree = "<group>";
		};
		DFD6E0892A4039B8001F2A72 /* pages */ = {
			isa = PBXGroup;
			children = (
				DFD6E08D2A403F76001F2A72 /* MyNetworksPage.swift */,
				DFD6E0982A40582C001F2A72 /* FeedPage.swift */,
			);
			path = pages;
			sourceTree = "<group>";
		};
		DFD6E08A2A4039C2001F2A72 /* components */ = {
			isa = PBXGroup;
			children = (
				DFD6E0812A403411001F2A72 /* SearchBar.swift */,
				DFD6E08B2A4039DB001F2A72 /* NewConnectionTile.swift */,
				DFD6E0942A405254001F2A72 /* PostCard.swift */,
				DFD6E0962A40573A001F2A72 /* PostInteractionRow.swift */,
			);
			path = components;
			sourceTree = "<group>";
		};
		DFD6E08F2A404115001F2A72 /* dummy_data */ = {
			isa = PBXGroup;
			children = (
				DFD6E0902A404125001F2A72 /* dummy_data.swift */,
			);
			path = dummy_data;
			sourceTree = "<group>";
		};
/* End PBXGroup section */

/* Begin PBXNativeTarget section */
		DF8BDDD42A064B6A009B1F26 /* LinkedInClone */ = {
			isa = PBXNativeTarget;
			buildConfigurationList = DF8BDDE42A064B6B009B1F26 /* Build configuration list for PBXNativeTarget "LinkedInClone" */;
			buildPhases = (
				DF8BDDD12A064B6A009B1F26 /* Sources */,
				DF8BDDD22A064B6A009B1F26 /* Frameworks */,
				DF8BDDD32A064B6A009B1F26 /* Resources */,
			);
			buildRules = (
			);
			dependencies = (
			);
			name = LinkedInClone;
			productName = LinkedInClone;
			productReference = DF8BDDD52A064B6A009B1F26 /* LinkedInClone.app */;
			productType = "com.apple.product-type.application";
		};
/* End PBXNativeTarget section */

/* Begin PBXProject section */
		DF8BDDCD2A064B6A009B1F26 /* Project object */ = {
			isa = PBXProject;
			attributes = {
				BuildIndependentTargetsInParallel = 1;
				LastSwiftUpdateCheck = 1420;
				LastUpgradeCheck = 1420;
				TargetAttributes = {
					DF8BDDD42A064B6A009B1F26 = {
						CreatedOnToolsVersion = 14.2;
					};
				};
			};
			buildConfigurationList = DF8BDDD02A064B6A009B1F26 /* Build configuration list for PBXProject "LinkedInClone" */;
			compatibilityVersion = "Xcode 14.0";
			developmentRegion = en;
			hasScannedForEncodings = 0;
			knownRegions = (
				en,
				Base,
			);
			mainGroup = DF8BDDCC2A064B6A009B1F26;
			productRefGroup = DF8BDDD62A064B6A009B1F26 /* Products */;
			projectDirPath = "";
			projectRoot = "";
			targets = (
				DF8BDDD42A064B6A009B1F26 /* LinkedInClone */,
			);
		};
/* End PBXProject section */

/* Begin PBXResourcesBuildPhase section */
		DF8BDDD32A064B6A009B1F26 /* Resources */ = {
			isa = PBXResourcesBuildPhase;
			buildActionMask = 2147483647;
			files = (
				DF8BDDE12A064B6B009B1F26 /* Preview Assets.xcassets in Resources */,
				DF8BDDDD2A064B6B009B1F26 /* Assets.xcassets in Resources */,
			);
			runOnlyForDeploymentPostprocessing = 0;
		};
/* End PBXResourcesBuildPhase section */

/* Begin PBXSourcesBuildPhase section */
		DF8BDDD12A064B6A009B1F26 /* Sources */ = {
			isa = PBXSourcesBuildPhase;
			buildActionMask = 2147483647;
			files = (
				DFD6E0912A404125001F2A72 /* dummy_data.swift in Sources */,
				DFD6E0972A40573A001F2A72 /* PostInteractionRow.swift in Sources */,
				DFD6E0992A40582C001F2A72 /* FeedPage.swift in Sources */,
				DF8BDDDB2A064B6A009B1F26 /* ContentView.swift in Sources */,
				DFD6E08E2A403F76001F2A72 /* MyNetworksPage.swift in Sources */,
				DF8BDDD92A064B6A009B1F26 /* LinkedInCloneApp.swift in Sources */,
				DFD6E0952A405254001F2A72 /* PostCard.swift in Sources */,
				DFD6E08C2A4039DB001F2A72 /* NewConnectionTile.swift in Sources */,
				DFD6E0822A403411001F2A72 /* SearchBar.swift in Sources */,
				DFD6E0862A4038C0001F2A72 /* PostCardModel.swift in Sources */,
				DFD6E0882A4038DD001F2A72 /* NewConnectionModel.swift in Sources */,
			);
			runOnlyForDeploymentPostprocessing = 0;
		};
/* End PBXSourcesBuildPhase section */

/* Begin XCBuildConfiguration section */
		DF8BDDE22A064B6B009B1F26 /* Debug */ = {
			isa = XCBuildConfiguration;
			buildSettings = {
				ALWAYS_SEARCH_USER_PATHS = NO;
				CLANG_ANALYZER_NONNULL = YES;
				CLANG_ANALYZER_NUMBER_OBJECT_CONVERSION = YES_AGGRESSIVE;
				CLANG_CXX_LANGUAGE_STANDARD = "gnu++20";
				CLANG_ENABLE_MODULES = YES;
				CLANG_ENABLE_OBJC_ARC = YES;
				CLANG_ENABLE_OBJC_WEAK = YES;
				CLANG_WARN_BLOCK_CAPTURE_AUTORELEASING = YES;
				CLANG_WARN_BOOL_CONVERSION = YES;
				CLANG_WARN_COMMA = YES;
				CLANG_WARN_CONSTANT_CONVERSION = YES;
				CLANG_WARN_DEPRECATED_OBJC_IMPLEMENTATIONS = YES;
				CLANG_WARN_DIRECT_OBJC_ISA_USAGE = YES_ERROR;
				CLANG_WARN_DOCUMENTATION_COMMENTS = YES;
				CLANG_WARN_EMPTY_BODY = YES;
				CLANG_WARN_ENUM_CONVERSION = YES;
				CLANG_WARN_INFINITE_RECURSION = YES;
				CLANG_WARN_INT_CONVERSION = YES;
				CLANG_WARN_NON_LITERAL_NULL_CONVERSION = YES;
				CLANG_WARN_OBJC_IMPLICIT_RETAIN_SELF = YES;
				CLANG_WARN_OBJC_LITERAL_CONVERSION = YES;
				CLANG_WARN_OBJC_ROOT_CLASS = YES_ERROR;
				CLANG_WARN_QUOTED_INCLUDE_IN_FRAMEWORK_HEADER = YES;
				CLANG_WARN_RANGE_LOOP_ANALYSIS = YES;
				CLANG_WARN_STRICT_PROTOTYPES = YES;
				CLANG_WARN_SUSPICIOUS_MOVE = YES;
				CLANG_WARN_UNGUARDED_AVAILABILITY = YES_AGGRESSIVE;
				CLANG_WARN_UNREACHABLE_CODE = YES;
				CLANG_WARN__DUPLICATE_METHOD_MATCH = YES;
				COPY_PHASE_STRIP = NO;
				DEBUG_INFORMATION_FORMAT = dwarf;
				ENABLE_STRICT_OBJC_MSGSEND = YES;
				ENABLE_TESTABILITY = YES;
				GCC_C_LANGUAGE_STANDARD = gnu11;
				GCC_DYNAMIC_NO_PIC = NO;
				GCC_NO_COMMON_BLOCKS = YES;
				GCC_OPTIMIZATION_LEVEL = 0;
				GCC_PREPROCESSOR_DEFINITIONS = (
					"DEBUG=1",
					"$(inherited)",
				);
				GCC_WARN_64_TO_32_BIT_CONVERSION = YES;
				GCC_WARN_ABOUT_RETURN_TYPE = YES_ERROR;
				GCC_WARN_UNDECLARED_SELECTOR = YES;
				GCC_WARN_UNINITIALIZED_AUTOS = YES_AGGRESSIVE;
				GCC_WARN_UNUSED_FUNCTION = YES;
				GCC_WARN_UNUSED_VARIABLE = YES;
				MTL_ENABLE_DEBUG_INFO = INCLUDE_SOURCE;
				MTL_FAST_MATH = YES;
				ONLY_ACTIVE_ARCH = YES;
				SWIFT_ACTIVE_COMPILATION_CONDITIONS = DEBUG;
				SWIFT_OPTIMIZATION_LEVEL = "-Onone";
			};
			name = Debug;
		};
		DF8BDDE32A064B6B009B1F26 /* Release */ = {
			isa = XCBuildConfiguration;
			buildSettings = {
				ALWAYS_SEARCH_USER_PATHS = NO;
				CLANG_ANALYZER_NONNULL = YES;
				CLANG_ANALYZER_NUMBER_OBJECT_CONVERSION = YES_AGGRESSIVE;
				CLANG_CXX_LANGUAGE_STANDARD = "gnu++20";
				CLANG_ENABLE_MODULES = YES;
				CLANG_ENABLE_OBJC_ARC = YES;
				CLANG_ENABLE_OBJC_WEAK = YES;
				CLANG_WARN_BLOCK_CAPTURE_AUTORELEASING = YES;
				CLANG_WARN_BOOL_CONVERSION = YES;
				CLANG_WARN_COMMA = YES;
				CLANG_WARN_CONSTANT_CONVERSION = YES;
				CLANG_WARN_DEPRECATED_OBJC_IMPLEMENTATIONS = YES;
				CLANG_WARN_DIRECT_OBJC_ISA_USAGE = YES_ERROR;
				CLANG_WARN_DOCUMENTATION_COMMENTS = YES;
				CLANG_WARN_EMPTY_BODY = YES;
				CLANG_WARN_ENUM_CONVERSION = YES;
				CLANG_WARN_INFINITE_RECURSION = YES;
				CLANG_WARN_INT_CONVERSION = YES;
				CLANG_WARN_NON_LITERAL_NULL_CONVERSION = YES;
				CLANG_WARN_OBJC_IMPLICIT_RETAIN_SELF = YES;
				CLANG_WARN_OBJC_LITERAL_CONVERSION = YES;
				CLANG_WARN_OBJC_ROOT_CLASS = YES_ERROR;
				CLANG_WARN_QUOTED_INCLUDE_IN_FRAMEWORK_HEADER = YES;
				CLANG_WARN_RANGE_LOOP_ANALYSIS = YES;
				CLANG_WARN_STRICT_PROTOTYPES = YES;
				CLANG_WARN_SUSPICIOUS_MOVE = YES;
				CLANG_WARN_UNGUARDED_AVAILABILITY = YES_AGGRESSIVE;
				CLANG_WARN_UNREACHABLE_CODE = YES;
				CLANG_WARN__DUPLICATE_METHOD_MATCH = YES;
				COPY_PHASE_STRIP = NO;
				DEBUG_INFORMATION_FORMAT = "dwarf-with-dsym";
				ENABLE_NS_ASSERTIONS = NO;
				ENABLE_STRICT_OBJC_MSGSEND = YES;
				GCC_C_LANGUAGE_STANDARD = gnu11;
				GCC_NO_COMMON_BLOCKS = YES;
				GCC_WARN_64_TO_32_BIT_CONVERSION = YES;
				GCC_WARN_ABOUT_RETURN_TYPE = YES_ERROR;
				GCC_WARN_UNDECLARED_SELECTOR = YES;
				GCC_WARN_UNINITIALIZED_AUTOS = YES_AGGRESSIVE;
				GCC_WARN_UNUSED_FUNCTION = YES;
				GCC_WARN_UNUSED_VARIABLE = YES;
				MTL_ENABLE_DEBUG_INFO = NO;
				MTL_FAST_MATH = YES;
				SWIFT_COMPILATION_MODE = wholemodule;
				SWIFT_OPTIMIZATION_LEVEL = "-O";
			};
			name = Release;
		};
		DF8BDDE52A064B6B009B1F26 /* Debug */ = {
			isa = XCBuildConfiguration;
			buildSettings = {
				ASSETCATALOG_COMPILER_APPICON_NAME = AppIcon;
				ASSETCATALOG_COMPILER_GLOBAL_ACCENT_COLOR_NAME = AccentColor;
				CODE_SIGN_ENTITLEMENTS = LinkedInClone/LinkedInClone.entitlements;
				CODE_SIGN_STYLE = Automatic;
				CURRENT_PROJECT_VERSION = 1;
				DEVELOPMENT_ASSET_PATHS = "\"LinkedInClone/Preview Content\"";
				DEVELOPMENT_TEAM = UDGXAJ9ZXG;
				ENABLE_HARDENED_RUNTIME = YES;
				ENABLE_PREVIEWS = YES;
				GENERATE_INFOPLIST_FILE = YES;
				"INFOPLIST_KEY_UIApplicationSceneManifest_Generation[sdk=iphoneos*]" = YES;
				"INFOPLIST_KEY_UIApplicationSceneManifest_Generation[sdk=iphonesimulator*]" = YES;
				"INFOPLIST_KEY_UIApplicationSupportsIndirectInputEvents[sdk=iphoneos*]" = YES;
				"INFOPLIST_KEY_UIApplicationSupportsIndirectInputEvents[sdk=iphonesimulator*]" = YES;
				"INFOPLIST_KEY_UILaunchScreen_Generation[sdk=iphoneos*]" = YES;
				"INFOPLIST_KEY_UILaunchScreen_Generation[sdk=iphonesimulator*]" = YES;
				"INFOPLIST_KEY_UIStatusBarStyle[sdk=iphoneos*]" = UIStatusBarStyleDefault;
				"INFOPLIST_KEY_UIStatusBarStyle[sdk=iphonesimulator*]" = UIStatusBarStyleDefault;
				INFOPLIST_KEY_UISupportedInterfaceOrientations_iPad = "UIInterfaceOrientationPortrait UIInterfaceOrientationPortraitUpsideDown UIInterfaceOrientationLandscapeLeft UIInterfaceOrientationLandscapeRight";
				INFOPLIST_KEY_UISupportedInterfaceOrientations_iPhone = "UIInterfaceOrientationPortrait UIInterfaceOrientationLandscapeLeft UIInterfaceOrientationLandscapeRight";
				IPHONEOS_DEPLOYMENT_TARGET = 16.2;
				LD_RUNPATH_SEARCH_PATHS = "@executable_path/Frameworks";
				"LD_RUNPATH_SEARCH_PATHS[sdk=macosx*]" = "@executable_path/../Frameworks";
				MACOSX_DEPLOYMENT_TARGET = 13.1;
				MARKETING_VERSION = 1.0;
				PRODUCT_BUNDLE_IDENTIFIER = com.learner.LinkedInClone;
				PRODUCT_NAME = "$(TARGET_NAME)";
				SDKROOT = auto;
				SUPPORTED_PLATFORMS = "iphoneos iphonesimulator macosx";
				SWIFT_EMIT_LOC_STRINGS = YES;
				SWIFT_VERSION = 5.0;
				TARGETED_DEVICE_FAMILY = "1,2";
			};
			name = Debug;
		};
		DF8BDDE62A064B6B009B1F26 /* Release */ = {
			isa = XCBuildConfiguration;
			buildSettings = {
				ASSETCATALOG_COMPILER_APPICON_NAME = AppIcon;
				ASSETCATALOG_COMPILER_GLOBAL_ACCENT_COLOR_NAME = AccentColor;
				CODE_SIGN_ENTITLEMENTS = LinkedInClone/LinkedInClone.entitlements;
				CODE_SIGN_STYLE = Automatic;
				CURRENT_PROJECT_VERSION = 1;
				DEVELOPMENT_ASSET_PATHS = "\"LinkedInClone/Preview Content\"";
				DEVELOPMENT_TEAM = UDGXAJ9ZXG;
				ENABLE_HARDENED_RUNTIME = YES;
				ENABLE_PREVIEWS = YES;
				GENERATE_INFOPLIST_FILE = YES;
				"INFOPLIST_KEY_UIApplicationSceneManifest_Generation[sdk=iphoneos*]" = YES;
				"INFOPLIST_KEY_UIApplicationSceneManifest_Generation[sdk=iphonesimulator*]" = YES;
				"INFOPLIST_KEY_UIApplicationSupportsIndirectInputEvents[sdk=iphoneos*]" = YES;
				"INFOPLIST_KEY_UIApplicationSupportsIndirectInputEvents[sdk=iphonesimulator*]" = YES;
				"INFOPLIST_KEY_UILaunchScreen_Generation[sdk=iphoneos*]" = YES;
				"INFOPLIST_KEY_UILaunchScreen_Generation[sdk=iphonesimulator*]" = YES;
				"INFOPLIST_KEY_UIStatusBarStyle[sdk=iphoneos*]" = UIStatusBarStyleDefault;
				"INFOPLIST_KEY_UIStatusBarStyle[sdk=iphonesimulator*]" = UIStatusBarStyleDefault;
				INFOPLIST_KEY_UISupportedInterfaceOrientations_iPad = "UIInterfaceOrientationPortrait UIInterfaceOrientationPortraitUpsideDown UIInterfaceOrientationLandscapeLeft UIInterfaceOrientationLandscapeRight";
				INFOPLIST_KEY_UISupportedInterfaceOrientations_iPhone = "UIInterfaceOrientationPortrait UIInterfaceOrientationLandscapeLeft UIInterfaceOrientationLandscapeRight";
				IPHONEOS_DEPLOYMENT_TARGET = 16.2;
				LD_RUNPATH_SEARCH_PATHS = "@executable_path/Frameworks";
				"LD_RUNPATH_SEARCH_PATHS[sdk=macosx*]" = "@executable_path/../Frameworks";
				MACOSX_DEPLOYMENT_TARGET = 13.1;
				MARKETING_VERSION = 1.0;
				PRODUCT_BUNDLE_IDENTIFIER = com.learner.LinkedInClone;
				PRODUCT_NAME = "$(TARGET_NAME)";
				SDKROOT = auto;
				SUPPORTED_PLATFORMS = "iphoneos iphonesimulator macosx";
				SWIFT_EMIT_LOC_STRINGS = YES;
				SWIFT_VERSION = 5.0;
				TARGETED_DEVICE_FAMILY = "1,2";
			};
			name = Release;
		};
/* End XCBuildConfiguration section */

/* Begin XCConfigurationList section */
		DF8BDDD02A064B6A009B1F26 /* Build configuration list for PBXProject "LinkedInClone" */ = {
			isa = XCConfigurationList;
			buildConfigurations = (
				DF8BDDE22A064B6B009B1F26 /* Debug */,
				DF8BDDE32A064B6B009B1F26 /* Release */,
			);
			defaultConfigurationIsVisible = 0;
			defaultConfigurationName = Release;
		};
		DF8BDDE42A064B6B009B1F26 /* Build configuration list for PBXNativeTarget "LinkedInClone" */ = {
			isa = XCConfigurationList;
			buildConfigurations = (
				DF8BDDE52A064B6B009B1F26 /* Debug */,
				DF8BDDE62A064B6B009B1F26 /* Release */,
			);
			defaultConfigurationIsVisible = 0;
			defaultConfigurationName = Release;
		};
/* End XCConfigurationList section */
	};
	rootObject = DF8BDDCD2A064B6A009B1F26 /* Project object */;
}
